
Microsoft Visual Studio Solution File, Format Version 12.00
# Visual Studio Version 16
VisualStudioVersion = 16.0.30611.23
MinimumVisualStudioVersion = 10.0.40219.1
Project("{FAE04EC0-301F-11D3-BF4B-00C04F79EFBC}") = "MyChessTournament", "MyChessTournament\MyChessTournament.csproj", "{7D813912-43D7-40FF-8FAF-EFF86F7B15F0}"
EndProject
Global
	GlobalSection(SolutionConfigurationPlatforms) = preSolution
		Debug|Any CPU = Debug|Any CPU
		Release|Any CPU = Release|Any CPU
	EndGlobalSection
	GlobalSection(ProjectConfigurationPlatforms) = postSolution
		{7D813912-43D7-40FF-8FAF-EFF86F7B15F0}.Debug|Any CPU.ActiveCfg = Debug|Any CPU
		{7D813912-43D7-40FF-8FAF-EFF86F7B15F0}.Debug|Any CPU.Build.0 = Debug|Any CPU
		{7D813912-43D7-40FF-8FAF-EFF86F7B15F0}.Release|Any CPU.ActiveCfg = Release|Any CPU
		{7D813912-43D7-40FF-8FAF-EFF86F7B15F0}.Release|Any CPU.Build.0 = Release|Any CPU
	EndGlobalSection
	GlobalSection(SolutionProperties) = preSolution
		HideSolutionNode = FALSE
	EndGlobalSection
	GlobalSection(ExtensibilityGlobals) = postSolution
		SolutionGuid = {0D715784-7ECF-4052-8682-28D307465C39}
	EndGlobalSection
EndGlobal
